github.com/wowchemy/wowchemy-hugo-modules/v5 v5.3.0 h1:lGfJL+IslLK+LbUivHVFO+P9/Op4mK4zb3SlKiORKGk=
github.com/wowchemy/wowchemy-hugo-modules/v5 v5.3.0/go.mod h1:akNBhhT0UAOXSREplKkLe2wyHeo51qm6f+vqNkQkcmE=
github.com/wowchemy/wowchemy-hugo-modules/wowchemy-cms/v5 v5.0.0-20210629192904-559885af86b7 h1:6WsYU5hkEvQK3GKPH+09tkuxLu8PRdaSal5BUPuk4T0=
github.com/wowchemy/wowchemy-hugo-modules/wowchemy-cms/v5 v5.0.0-20210629192904-559885af86b7/go.mod h1:Sp/AKo+2HAPi/IPHp1MEdKPmee+mzO5+efUBUPLPqPE=
github.com/wowchemy/wowchemy-hugo-modules/wowchemy/v5 v5.0.0-20210629192904-559885af86b7 h1:bGqCKFcZhdC/8RlJfM1I6vc+Zhef7O259iz6cFMTex8=
github.com/wowchemy/wowchemy-hugo-modules/wowchemy/v5 v5.0.0-20210629192904-559885af86b7/go.mod h1:2iL9rdrUYyJXX2BeHKfK+QbqZlubCsaR60nQ87NRQTY=
github.com/wowchemy/wowchemy-hugo-themes/modules/wowchemy-plugin-netlify v1.0.0 h1:blRMoXNtlxnqXlVi4eCdPtTfVpJkH9J1f6tEKDXimCY=
github.com/wowchemy/wowchemy-hugo-themes/modules/wowchemy-plugin-netlify v1.0.0/go.mod h1:s40UgLsWfVyCLQ2F4F3dBcNfZOXcPGld7KxsKhZdzvM=
github.com/wowchemy/wowchemy-hugo-themes/modules/wowchemy-plugin-netlify v1.0.1-0.20220826120325-1ef73475fcc9 h1:hA/776qIX5A9OX34uOEs8yAJjGzeDUBWjB3hPp9lVXo=
github.com/wowchemy/wowchemy-hugo-themes/modules/wowchemy-plugin-netlify v1.0.1-0.20220826120325-1ef73475fcc9/go.mod h1:s40UgLsWfVyCLQ2F4F3dBcNfZOXcPGld7KxsKhZdzvM=
github.com/wowchemy/wowchemy-hugo-themes/modules/wowchemy-plugin-netlify-cms v1.0.0 h1:WCbC3jjXAcFGUWn5W1QUk5tzNq4x4NcyqABI/s0SnWw=
github.com/wowchemy/wowchemy-hugo-themes/modules/wowchemy-plugin-netlify-cms v1.0.0/go.mod h1:X1mETJo6Lkv9tEgfU0UYFRiRInf0RbgW+s1RKXB4GMA=
github.com/wowchemy/wowchemy-hugo-themes/modules/wowchemy-plugin-netlify-cms v1.0.1-0.20220826120325-1ef73475fcc9 h1:1PzXUs6SBpFxoA+K+iHiGp9Vy21Abn29uYTGw62uORw=
github.com/wowchemy/wowchemy-hugo-themes/modules/wowchemy-plugin-netlify-cms v1.0.1-0.20220826120325-1ef73475fcc9/go.mod h1:X1mETJo6Lkv9tEgfU0UYFRiRInf0RbgW+s1RKXB4GMA=
github.com/wowchemy/wowchemy-hugo-themes/modules/wowchemy-plugin-reveal v0.0.0-20220826120325-1ef73475fcc9 h1:q7UJN7NeDZbOJpoHb88Cd7PIe0mj4a7JdMLa68r2kWE=
github.com/wowchemy/wowchemy-hugo-themes/modules/wowchemy-plugin-reveal v0.0.0-20220826120325-1ef73475fcc9/go.mod h1:kxZg+FKof+BAZ/PK7N+NNZJbEcJYN5PCxGrotRKEDSs=
github.com/wowchemy/wowchemy-hugo-themes/modules/wowchemy/v5 v5.6.0 h1:l7FIPHFJ8KKktS8Nrfk/u47PkDTbg6TNHg4VY3g41Xc=
github.com/wowchemy/wowchemy-hugo-themes/modules/wowchemy/v5 v5.6.0/go.mod h1:EfRfz/zhkliLPRWYdXRatho64juF3EFaJnciCi5YzwA=
github.com/wowchemy/wowchemy-hugo-themes/modules/wowchemy/v5 v5.6.1-0.20220826120325-1ef73475fcc9 h1:s9OSVzbprhVFR8ZnK8khawGo73w48/yJ/8hpJRFMPFk=
github.com/wowchemy/wowchemy-hugo-themes/modules/wowchemy/v5 v5.6.1-0.20220826120325-1ef73475fcc9/go.mod h1:EfRfz/zhkliLPRWYdXRatho64juF3EFaJnciCi5YzwA=
